
Microsoft Visual Studio Solution File, Format Version 12.00
# Visual Studio Version 16
VisualStudioVersion = 16.0.31624.102
MinimumVisualStudioVersion = 10.0.40219.1
Project("{9A19103F-16F7-4668-BE54-9A1E7A4F7556}") = "MiningApi", "MiningApi\MiningApi.csproj", "{5FEDE711-5344-4017-A095-8C53EFE549CD}"
EndProject
Project("{9A19103F-16F7-4668-BE54-9A1E7A4F7556}") = "MiningDataAccessLayer", "MiningDataAccessLayer\MiningDataAccessLayer.csproj", "{39095C3C-4D8B-4C5B-B465-6D2D27605CF2}"
EndProject
Project("{9A19103F-16F7-4668-BE54-9A1E7A4F7556}") = "GenericDataAccessClassLibrary", "GenericDataAccessClassLibrary\GenericDataAccessClassLibrary.csproj", "{B363649E-2537-45E6-B4A9-78E06369F76F}"
EndProject
Project("{FAE04EC0-301F-11D3-BF4B-00C04F79EFBC}") = "MiningClassLibrary", "MiningClassLibrary\MiningClassLibrary.csproj", "{57B7C057-7B59-4349-892F-DC10B85C6D5F}"
EndProject
Global
	GlobalSection(SolutionConfigurationPlatforms) = preSolution
		Debug|Any CPU = Debug|Any CPU
		Release|Any CPU = Release|Any CPU
	EndGlobalSection
	GlobalSection(ProjectConfigurationPlatforms) = postSolution
		{5FEDE711-5344-4017-A095-8C53EFE549CD}.Debug|Any CPU.ActiveCfg = Debug|Any CPU
		{5FEDE711-5344-4017-A095-8C53EFE549CD}.Debug|Any CPU.Build.0 = Debug|Any CPU
		{5FEDE711-5344-4017-A095-8C53EFE549CD}.Release|Any CPU.ActiveCfg = Release|Any CPU
		{5FEDE711-5344-4017-A095-8C53EFE549CD}.Release|Any CPU.Build.0 = Release|Any CPU
		{39095C3C-4D8B-4C5B-B465-6D2D27605CF2}.Debug|Any CPU.ActiveCfg = Debug|Any CPU
		{39095C3C-4D8B-4C5B-B465-6D2D27605CF2}.Debug|Any CPU.Build.0 = Debug|Any CPU
		{39095C3C-4D8B-4C5B-B465-6D2D27605CF2}.Release|Any CPU.ActiveCfg = Release|Any CPU
		{39095C3C-4D8B-4C5B-B465-6D2D27605CF2}.Release|Any CPU.Build.0 = Release|Any CPU
		{B363649E-2537-45E6-B4A9-78E06369F76F}.Debug|Any CPU.ActiveCfg = Debug|Any CPU
		{B363649E-2537-45E6-B4A9-78E06369F76F}.Debug|Any CPU.Build.0 = Debug|Any CPU
		{B363649E-2537-45E6-B4A9-78E06369F76F}.Release|Any CPU.ActiveCfg = Release|Any CPU
		{B363649E-2537-45E6-B4A9-78E06369F76F}.Release|Any CPU.Build.0 = Release|Any CPU
		{57B7C057-7B59-4349-892F-DC10B85C6D5F}.Debug|Any CPU.ActiveCfg = Debug|Any CPU
		{57B7C057-7B59-4349-892F-DC10B85C6D5F}.Debug|Any CPU.Build.0 = Debug|Any CPU
		{57B7C057-7B59-4349-892F-DC10B85C6D5F}.Release|Any CPU.ActiveCfg = Release|Any CPU
		{57B7C057-7B59-4349-892F-DC10B85C6D5F}.Release|Any CPU.Build.0 = Release|Any CPU
	EndGlobalSection
	GlobalSection(SolutionProperties) = preSolution
		HideSolutionNode = FALSE
	EndGlobalSection
	GlobalSection(ExtensibilityGlobals) = postSolution
		SolutionGuid = {35615D4B-6FF1-4A9E-BE68-BF7C6EF9DDCF}
	EndGlobalSection
EndGlobal
