
Microsoft Visual Studio Solution File, Format Version 12.00
# Visual Studio Version 16
VisualStudioVersion = 16.0.31624.102
MinimumVisualStudioVersion = 10.0.40219.1
Project("{9A19103F-16F7-4668-BE54-9A1E7A4F7556}") = "MiningApi", "MiningApi\MiningApi.csproj", "{5FEDE711-5344-4017-A095-8C53EFE549CD}"
EndProject
Project("{9A19103F-16F7-4668-BE54-9A1E7A4F7556}") = "MiningDataAccessLayer", "MiningDataAccessLayer\MiningDataAccessLayer.csproj", "{39095C3C-4D8B-4C5B-B465-6D2D27605CF2}"
EndProject
Project("{9A19103F-16F7-4668-BE54-9A1E7A4F7556}") = "GenericDataAccessClassLibrary", "GenericDataAccessClassLibrary\GenericDataAccessClassLibrary.csproj", "{B363649E-2537-45E6-B4A9-78E06369F76F}"
EndProject
Project("{9A19103F-16F7-4668-BE54-9A1E7A4F7556}") = "TestProject", "TestProject\TestProject.csproj", "{01305426-A7DC-473C-BFAD-69DC79BA4DFA}"
EndProject
Project("{9A19103F-16F7-4668-BE54-9A1E7A4F7556}") = "MiningClient", "MiningClient\MiningClient.csproj", "{61BF6B07-6B4E-457B-A820-424FB2B64977}"
EndProject
Project("{9A19103F-16F7-4668-BE54-9A1E7A4F7556}") = "ServiceClientClassLibrary", "ServiceClientClassLibrary\ServiceClientClassLibrary.csproj", "{581E3566-74C0-414C-A6B8-9384D8952074}"
EndProject
Global
	GlobalSection(SolutionConfigurationPlatforms) = preSolution
		Debug|Any CPU = Debug|Any CPU
		Release|Any CPU = Release|Any CPU
	EndGlobalSection
	GlobalSection(ProjectConfigurationPlatforms) = postSolution
		{5FEDE711-5344-4017-A095-8C53EFE549CD}.Debug|Any CPU.ActiveCfg = Debug|Any CPU
		{5FEDE711-5344-4017-A095-8C53EFE549CD}.Debug|Any CPU.Build.0 = Debug|Any CPU
		{5FEDE711-5344-4017-A095-8C53EFE549CD}.Release|Any CPU.ActiveCfg = Release|Any CPU
		{5FEDE711-5344-4017-A095-8C53EFE549CD}.Release|Any CPU.Build.0 = Release|Any CPU
		{39095C3C-4D8B-4C5B-B465-6D2D27605CF2}.Debug|Any CPU.ActiveCfg = Debug|Any CPU
		{39095C3C-4D8B-4C5B-B465-6D2D27605CF2}.Debug|Any CPU.Build.0 = Debug|Any CPU
		{39095C3C-4D8B-4C5B-B465-6D2D27605CF2}.Release|Any CPU.ActiveCfg = Release|Any CPU
		{39095C3C-4D8B-4C5B-B465-6D2D27605CF2}.Release|Any CPU.Build.0 = Release|Any CPU
		{B363649E-2537-45E6-B4A9-78E06369F76F}.Debug|Any CPU.ActiveCfg = Debug|Any CPU
		{B363649E-2537-45E6-B4A9-78E06369F76F}.Debug|Any CPU.Build.0 = Debug|Any CPU
		{B363649E-2537-45E6-B4A9-78E06369F76F}.Release|Any CPU.ActiveCfg = Release|Any CPU
		{B363649E-2537-45E6-B4A9-78E06369F76F}.Release|Any CPU.Build.0 = Release|Any CPU
		{01305426-A7DC-473C-BFAD-69DC79BA4DFA}.Debug|Any CPU.ActiveCfg = Debug|Any CPU
		{01305426-A7DC-473C-BFAD-69DC79BA4DFA}.Debug|Any CPU.Build.0 = Debug|Any CPU
		{01305426-A7DC-473C-BFAD-69DC79BA4DFA}.Release|Any CPU.ActiveCfg = Release|Any CPU
		{01305426-A7DC-473C-BFAD-69DC79BA4DFA}.Release|Any CPU.Build.0 = Release|Any CPU
		{61BF6B07-6B4E-457B-A820-424FB2B64977}.Debug|Any CPU.ActiveCfg = Debug|Any CPU
		{61BF6B07-6B4E-457B-A820-424FB2B64977}.Debug|Any CPU.Build.0 = Debug|Any CPU
		{61BF6B07-6B4E-457B-A820-424FB2B64977}.Release|Any CPU.ActiveCfg = Release|Any CPU
		{61BF6B07-6B4E-457B-A820-424FB2B64977}.Release|Any CPU.Build.0 = Release|Any CPU
		{581E3566-74C0-414C-A6B8-9384D8952074}.Debug|Any CPU.ActiveCfg = Debug|Any CPU
		{581E3566-74C0-414C-A6B8-9384D8952074}.Debug|Any CPU.Build.0 = Debug|Any CPU
		{581E3566-74C0-414C-A6B8-9384D8952074}.Release|Any CPU.ActiveCfg = Release|Any CPU
		{581E3566-74C0-414C-A6B8-9384D8952074}.Release|Any CPU.Build.0 = Release|Any CPU
	EndGlobalSection
	GlobalSection(SolutionProperties) = preSolution
		HideSolutionNode = FALSE
	EndGlobalSection
	GlobalSection(ExtensibilityGlobals) = postSolution
		SolutionGuid = {35615D4B-6FF1-4A9E-BE68-BF7C6EF9DDCF}
	EndGlobalSection
EndGlobal
